<?xml version="1.0" encoding="UTF-8"?>
<CONFIG>
  <ProjectOptions>
    <Version Value="12"/>
    <PathDelim Value="\"/>
    <General>
      <SessionStorage Value="InProjectDir"/>
      <Title Value="APImanager"/>
      <Scaled Value="True"/>
      <ResourceType Value="res"/>
      <UseXPManifest Value="True"/>
      <XPManifest>
        <DpiAware Value="True"/>
        <LongPathAware Value="True"/>
      </XPManifest>
      <Icon Value="0"/>
    </General>
    <i18n>
      <EnableI18N Value="True"/>
      <OutDir Value="Languages"/>
    </i18n>
    <VersionInfo>
      <UseVersionInfo Value="True"/>
      <MinorVersionNr Value="4"/>
      <Attributes pvaDebug="True"/>
      <StringTable CompanyName="HvB" FileDescription="App for maintaining API request" LegalCopyright="HvB" LegalTrademarks="HvB" ProductName="APImanager" ProductVersion="1"/>
    </VersionInfo>
    <BuildModes>
      <Item Name="Default" Default="True"/>
      <Item Name="Debug">
        <CompilerOptions>
          <Version Value="11"/>
          <PathDelim Value="\"/>
          <Target>
            <Filename Value="APImanager"/>
          </Target>
          <SearchPaths>
            <IncludeFiles Value="$(ProjOutDir)"/>
            <UnitOutputDirectory Value="lib\$(TargetCPU)-$(TargetOS)"/>
          </SearchPaths>
          <Parsing>
            <SyntaxOptions>
              <IncludeAssertionCode Value="True"/>
            </SyntaxOptions>
          </Parsing>
          <CodeGeneration>
            <Checks>
              <IOChecks Value="True"/>
              <RangeChecks Value="True"/>
              <OverflowChecks Value="True"/>
              <StackChecks Value="True"/>
            </Checks>
            <VerifyObjMethodCallValidity Value="True"/>
            <TargetCPU Value="x86_64"/>
            <TargetOS Value="win64"/>
            <Optimizations>
              <OptimizationLevel Value="0"/>
            </Optimizations>
          </CodeGeneration>
          <Linking>
            <Debugging>
              <DebugInfoType Value="dsDwarf3"/>
              <UseHeaptrc Value="True"/>
            </Debugging>
            <Options>
              <Win32>
                <GraphicApplication Value="True"/>
              </Win32>
            </Options>
          </Linking>
        </CompilerOptions>
      </Item>
    </BuildModes>
    <PublishOptions>
      <Version Value="2"/>
      <DestinationDirectory Value="D:\Programma\Lazarus\HTTPrequest\Publish"/>
      <UseFileFilters Value="True"/>
    </PublishOptions>
    <RunParams>
      <FormatVersion Value="2"/>
    </RunParams>
    <RequiredPackages>
      <Item>
        <PackageName Value="dcpcrypt"/>
      </Item>
      <Item>
        <PackageName Value="SynEdit"/>
      </Item>
      <Item>
        <PackageName Value="FCL"/>
      </Item>
      <Item>
        <PackageName Value="LCL"/>
      </Item>
    </RequiredPackages>
    <Units>
      <Unit>
        <Filename Value="APImanager.lpr"/>
        <IsPartOfProject Value="True"/>
      </Unit>
      <Unit>
        <Filename Value="form_main.pas"/>
        <IsPartOfProject Value="True"/>
        <ComponentName Value="FrmMain"/>
        <HasResources Value="True"/>
        <ResourceBaseClass Value="Form"/>
        <UnitName Value="Form_Main"/>
      </Unit>
      <Unit>
        <Filename Value="form_maintain_api_data.pas"/>
        <IsPartOfProject Value="True"/>
        <ComponentName Value="Frm_Maintain_Api_Data"/>
        <HasResources Value="True"/>
        <ResourceBaseClass Value="Form"/>
      </Unit>
      <Unit>
        <Filename Value="settings.pas"/>
        <IsPartOfProject Value="True"/>
        <UnitName Value="Settings"/>
      </Unit>
      <Unit>
        <Filename Value="logging.pas"/>
        <IsPartOfProject Value="True"/>
        <UnitName Value="Logging"/>
      </Unit>
      <Unit>
        <Filename Value="appdbcreate.pas"/>
        <IsPartOfProject Value="True"/>
        <UnitName Value="AppDbCreate"/>
      </Unit>
      <Unit>
        <Filename Value="appdb.pas"/>
        <IsPartOfProject Value="True"/>
        <UnitName Value="AppDb"/>
      </Unit>
      <Unit>
        <Filename Value="datamodule.pas"/>
        <IsPartOfProject Value="True"/>
        <ComponentName Value="DataModule1"/>
        <HasResources Value="True"/>
        <ResourceBaseClass Value="DataModule"/>
        <UnitName Value="DataModule"/>
      </Unit>
      <Unit>
        <Filename Value="settingsmanager.pas"/>
        <IsPartOfProject Value="True"/>
        <UnitName Value="Settingsmanager"/>
      </Unit>
      <Unit>
        <Filename Value="form_configure.pas"/>
        <IsPartOfProject Value="True"/>
        <ComponentName Value="FrmConfigure"/>
        <HasResources Value="True"/>
        <ResourceBaseClass Value="Form"/>
        <UnitName Value="Form_Configure"/>
      </Unit>
      <Unit>
        <Filename Value="tablename.pas"/>
        <IsPartOfProject Value="True"/>
        <UnitName Value="Tablename"/>
      </Unit>
      <Unit>
        <Filename Value="appdbfq.pas"/>
        <IsPartOfProject Value="True"/>
        <UnitName Value="appdbFQ"/>
      </Unit>
      <Unit>
        <Filename Value="appdbfolder.pas"/>
        <IsPartOfProject Value="True"/>
        <UnitName Value="AppDbFolder"/>
      </Unit>
      <Unit>
        <Filename Value="appdbquery.pas"/>
        <IsPartOfProject Value="True"/>
        <UnitName Value="AppDbQuery"/>
      </Unit>
      <Unit>
        <Filename Value="visual.pas"/>
        <IsPartOfProject Value="True"/>
        <UnitName Value="Visual"/>
      </Unit>
      <Unit>
        <Filename Value="apirequest.pas"/>
        <IsPartOfProject Value="True"/>
        <UnitName Value="ApiRequest"/>
      </Unit>
      <Unit>
        <Filename Value="form_about.pas"/>
        <IsPartOfProject Value="True"/>
        <ComponentName Value="Frm_About"/>
        <ResourceBaseClass Value="Form"/>
        <UnitName Value="Form_About"/>
      </Unit>
      <Unit>
        <Filename Value="encryption.pas"/>
        <IsPartOfProject Value="True"/>
        <UnitName Value="Encryption"/>
      </Unit>
      <Unit>
        <Filename Value="form_splashscreen.pas"/>
        <IsPartOfProject Value="True"/>
        <ComponentName Value="Frm_SplashScreen"/>
        <ResourceBaseClass Value="Form"/>
        <UnitName Value="Form_SplashScreen"/>
      </Unit>
    </Units>
  </ProjectOptions>
  <CompilerOptions>
    <Version Value="11"/>
    <PathDelim Value="\"/>
    <Target>
      <Filename Value="APImanager"/>
    </Target>
    <SearchPaths>
      <IncludeFiles Value="$(ProjOutDir)"/>
      <UnitOutputDirectory Value="lib\$(TargetCPU)-$(TargetOS)"/>
    </SearchPaths>
    <CodeGeneration>
      <Checks>
        <IOChecks Value="True"/>
        <RangeChecks Value="True"/>
        <OverflowChecks Value="True"/>
        <StackChecks Value="True"/>
      </Checks>
      <VerifyObjMethodCallValidity Value="True"/>
    </CodeGeneration>
    <Linking>
      <Debugging>
        <DebugInfoType Value="dsDwarf3"/>
        <UseHeaptrc Value="True"/>
      </Debugging>
      <Options>
        <Win32>
          <GraphicApplication Value="True"/>
        </Win32>
      </Options>
    </Linking>
  </CompilerOptions>
</CONFIG>
